// !$*UTF8*$!
{
	archiveVersion = 1;
	classes = {
	};
	objectVersion = 50;
	objects = {

/* Begin PBXBuildFile section */
		2345A3FB2496E60900821DF9 /* AppDelegate.swift in Sources */ = {isa = PBXBuildFile; fileRef = 2345A3FA2496E60900821DF9 /* AppDelegate.swift */; };
		2345A3FD2496E60900821DF9 /* SceneDelegate.swift in Sources */ = {isa = PBXBuildFile; fileRef = 2345A3FC2496E60900821DF9 /* SceneDelegate.swift */; };
		2345A4042496E60B00821DF9 /* Assets.xcassets in Resources */ = {isa = PBXBuildFile; fileRef = 2345A4032496E60B00821DF9 /* Assets.xcassets */; };
		2345A4072496E60B00821DF9 /* LaunchScreen.storyboard in Resources */ = {isa = PBXBuildFile; fileRef = 2345A4052496E60B00821DF9 /* LaunchScreen.storyboard */; };
		2345A4112496EF3200821DF9 /* Main.storyboard in Resources */ = {isa = PBXBuildFile; fileRef = 2345A4102496EF3200821DF9 /* Main.storyboard */; };
		2345A41F2496F5E200821DF9 /* MainTabBarController.swift in Sources */ = {isa = PBXBuildFile; fileRef = 2345A41E2496F5E200821DF9 /* MainTabBarController.swift */; };
		2345A4212496F61700821DF9 /* MainNavigationController.swift in Sources */ = {isa = PBXBuildFile; fileRef = 2345A4202496F61700821DF9 /* MainNavigationController.swift */; };
		2345A4232496F64C00821DF9 /* BaseViewController.swift in Sources */ = {isa = PBXBuildFile; fileRef = 2345A4222496F64C00821DF9 /* BaseViewController.swift */; };
		2345A4252496F6AD00821DF9 /* ProfileViewController.swift in Sources */ = {isa = PBXBuildFile; fileRef = 2345A4242496F6AD00821DF9 /* ProfileViewController.swift */; };
		2345A4272496F6B800821DF9 /* MessageViewController.swift in Sources */ = {isa = PBXBuildFile; fileRef = 2345A4262496F6B800821DF9 /* MessageViewController.swift */; };
		2345A4292496F6C700821DF9 /* DiscoverViewController.swift in Sources */ = {isa = PBXBuildFile; fileRef = 2345A4282496F6C700821DF9 /* DiscoverViewController.swift */; };
		2345A42B2496F6CD00821DF9 /* HomeViewController.swift in Sources */ = {isa = PBXBuildFile; fileRef = 2345A42A2496F6CD00821DF9 /* HomeViewController.swift */; };
		2345A447249739A800821DF9 /* UIColor+CZAddition.m in Sources */ = {isa = PBXBuildFile; fileRef = 2345A42E249739A800821DF9 /* UIColor+CZAddition.m */; };
		2345A448249739A800821DF9 /* UIView+CZAddition.m in Sources */ = {isa = PBXBuildFile; fileRef = 2345A42F249739A800821DF9 /* UIView+CZAddition.m */; };
		2345A449249739A800821DF9 /* UIScreen+CZAddition.m in Sources */ = {isa = PBXBuildFile; fileRef = 2345A432249739A800821DF9 /* UIScreen+CZAddition.m */; };
		2345A44A249739A800821DF9 /* UILabel+CZAddition.m in Sources */ = {isa = PBXBuildFile; fileRef = 2345A434249739A800821DF9 /* UILabel+CZAddition.m */; };
		2345A44B249739A800821DF9 /* NSString+CZBase64.m in Sources */ = {isa = PBXBuildFile; fileRef = 2345A436249739A800821DF9 /* NSString+CZBase64.m */; };
		2345A44C249739A800821DF9 /* NSString+CZPath.m in Sources */ = {isa = PBXBuildFile; fileRef = 2345A437249739A800821DF9 /* NSString+CZPath.m */; };
		2345A44D249739A800821DF9 /* UIButton+CZAddition.m in Sources */ = {isa = PBXBuildFile; fileRef = 2345A43A249739A800821DF9 /* UIButton+CZAddition.m */; };
		2345A44E249739A800821DF9 /* NSObject+CZRuntime.m in Sources */ = {isa = PBXBuildFile; fileRef = 2345A43D249739A800821DF9 /* NSObject+CZRuntime.m */; };
		2345A44F249739A800821DF9 /* UIViewController+CZAddition.m in Sources */ = {isa = PBXBuildFile; fileRef = 2345A440249739A800821DF9 /* UIViewController+CZAddition.m */; };
		2345A450249739A800821DF9 /* NSString+CZHash.m in Sources */ = {isa = PBXBuildFile; fileRef = 2345A441249739A800821DF9 /* NSString+CZHash.m */; };
		2345A451249739A800821DF9 /* NSAttributedString+CZAdditon.m in Sources */ = {isa = PBXBuildFile; fileRef = 2345A444249739A800821DF9 /* NSAttributedString+CZAdditon.m */; };
		2345A452249739A800821DF9 /* NSArray+Log.m in Sources */ = {isa = PBXBuildFile; fileRef = 2345A445249739A800821DF9 /* NSArray+Log.m */; };
		2345A4552497F4ED00821DF9 /* Bundle+Extensions.swift in Sources */ = {isa = PBXBuildFile; fileRef = 2345A4542497F4ED00821DF9 /* Bundle+Extensions.swift */; };
		2345A4572498322B00821DF9 /* UIBarButtonItem+Extensions.swift in Sources */ = {isa = PBXBuildFile; fileRef = 2345A4562498322B00821DF9 /* UIBarButtonItem+Extensions.swift */; };
		2345A45924983A1100821DF9 /* UIViewController+Extensions.swift in Sources */ = {isa = PBXBuildFile; fileRef = 2345A45824983A1100821DF9 /* UIViewController+Extensions.swift */; };
		23CD605524996E280018030B /* VisitorView.swift in Sources */ = {isa = PBXBuildFile; fileRef = 23CD605424996E280018030B /* VisitorView.swift */; };
		23CD60572499CC2D0018030B /* main.json in Resources */ = {isa = PBXBuildFile; fileRef = 23CD60562499CC2D0018030B /* main.json */; };
/* End PBXBuildFile section */

/* Begin PBXFileReference section */
		2345A3F72496E60900821DF9 /* Weibo.app */ = {isa = PBXFileReference; explicitFileType = wrapper.application; includeInIndex = 0; path = Weibo.app; sourceTree = BUILT_PRODUCTS_DIR; };
		2345A3FA2496E60900821DF9 /* AppDelegate.swift */ = {isa = PBXFileReference; lastKnownFileType = sourcecode.swift; path = AppDelegate.swift; sourceTree = "<group>"; };
		2345A3FC2496E60900821DF9 /* SceneDelegate.swift */ = {isa = PBXFileReference; lastKnownFileType = sourcecode.swift; path = SceneDelegate.swift; sourceTree = "<group>"; };
		2345A4032496E60B00821DF9 /* Assets.xcassets */ = {isa = PBXFileReference; lastKnownFileType = folder.assetcatalog; path = Assets.xcassets; sourceTree = "<group>"; };
		2345A4062496E60B00821DF9 /* Base */ = {isa = PBXFileReference; lastKnownFileType = file.storyboard; name = Base; path = Base.lproj/LaunchScreen.storyboard; sourceTree = "<group>"; };
		2345A4082496E60B00821DF9 /* Info.plist */ = {isa = PBXFileReference; lastKnownFileType = text.plist.xml; path = Info.plist; sourceTree = "<group>"; };
		2345A4102496EF3200821DF9 /* Main.storyboard */ = {isa = PBXFileReference; fileEncoding = 4; lastKnownFileType = file.storyboard; path = Main.storyboard; sourceTree = "<group>"; };
		2345A41E2496F5E200821DF9 /* MainTabBarController.swift */ = {isa = PBXFileReference; lastKnownFileType = sourcecode.swift; path = MainTabBarController.swift; sourceTree = "<group>"; };
		2345A4202496F61700821DF9 /* MainNavigationController.swift */ = {isa = PBXFileReference; lastKnownFileType = sourcecode.swift; path = MainNavigationController.swift; sourceTree = "<group>"; };
		2345A4222496F64C00821DF9 /* BaseViewController.swift */ = {isa = PBXFileReference; lastKnownFileType = sourcecode.swift; path = BaseViewController.swift; sourceTree = "<group>"; };
		2345A4242496F6AD00821DF9 /* ProfileViewController.swift */ = {isa = PBXFileReference; lastKnownFileType = sourcecode.swift; path = ProfileViewController.swift; sourceTree = "<group>"; };
		2345A4262496F6B800821DF9 /* MessageViewController.swift */ = {isa = PBXFileReference; lastKnownFileType = sourcecode.swift; path = MessageViewController.swift; sourceTree = "<group>"; };
		2345A4282496F6C700821DF9 /* DiscoverViewController.swift */ = {isa = PBXFileReference; lastKnownFileType = sourcecode.swift; path = DiscoverViewController.swift; sourceTree = "<group>"; };
		2345A42A2496F6CD00821DF9 /* HomeViewController.swift */ = {isa = PBXFileReference; lastKnownFileType = sourcecode.swift; path = HomeViewController.swift; sourceTree = "<group>"; };
		2345A42C249738CC00821DF9 /* Weibo-Bridge.h */ = {isa = PBXFileReference; lastKnownFileType = sourcecode.c.h; path = "Weibo-Bridge.h"; sourceTree = "<group>"; };
		2345A42E249739A800821DF9 /* UIColor+CZAddition.m */ = {isa = PBXFileReference; fileEncoding = 4; lastKnownFileType = sourcecode.c.objc; path = "UIColor+CZAddition.m"; sourceTree = "<group>"; };
		2345A42F249739A800821DF9 /* UIView+CZAddition.m */ = {isa = PBXFileReference; fileEncoding = 4; lastKnownFileType = sourcecode.c.objc; path = "UIView+CZAddition.m"; sourceTree = "<group>"; };
		2345A430249739A800821DF9 /* UIButton+CZAddition.h */ = {isa = PBXFileReference; fileEncoding = 4; lastKnownFileType = sourcecode.c.h; path = "UIButton+CZAddition.h"; sourceTree = "<group>"; };
		2345A431249739A800821DF9 /* NSString+CZHash.h */ = {isa = PBXFileReference; fileEncoding = 4; lastKnownFileType = sourcecode.c.h; path = "NSString+CZHash.h"; sourceTree = "<group>"; };
		2345A432249739A800821DF9 /* UIScreen+CZAddition.m */ = {isa = PBXFileReference; fileEncoding = 4; lastKnownFileType = sourcecode.c.objc; path = "UIScreen+CZAddition.m"; sourceTree = "<group>"; };
		2345A433249739A800821DF9 /* UIViewController+CZAddition.h */ = {isa = PBXFileReference; fileEncoding = 4; lastKnownFileType = sourcecode.c.h; path = "UIViewController+CZAddition.h"; sourceTree = "<group>"; };
		2345A434249739A800821DF9 /* UILabel+CZAddition.m */ = {isa = PBXFileReference; fileEncoding = 4; lastKnownFileType = sourcecode.c.objc; path = "UILabel+CZAddition.m"; sourceTree = "<group>"; };
		2345A435249739A800821DF9 /* NSObject+CZRuntime.h */ = {isa = PBXFileReference; fileEncoding = 4; lastKnownFileType = sourcecode.c.h; path = "NSObject+CZRuntime.h"; sourceTree = "<group>"; };
		2345A436249739A800821DF9 /* NSString+CZBase64.m */ = {isa = PBXFileReference; fileEncoding = 4; lastKnownFileType = sourcecode.c.objc; path = "NSString+CZBase64.m"; sourceTree = "<group>"; };
		2345A437249739A800821DF9 /* NSString+CZPath.m */ = {isa = PBXFileReference; fileEncoding = 4; lastKnownFileType = sourcecode.c.objc; path = "NSString+CZPath.m"; sourceTree = "<group>"; };
		2345A438249739A800821DF9 /* NSArray+Log.h */ = {isa = PBXFileReference; fileEncoding = 4; lastKnownFileType = sourcecode.c.h; path = "NSArray+Log.h"; sourceTree = "<group>"; };
		2345A439249739A800821DF9 /* NSAttributedString+CZAdditon.h */ = {isa = PBXFileReference; fileEncoding = 4; lastKnownFileType = sourcecode.c.h; path = "NSAttributedString+CZAdditon.h"; sourceTree = "<group>"; };
		2345A43A249739A800821DF9 /* UIButton+CZAddition.m */ = {isa = PBXFileReference; fileEncoding = 4; lastKnownFileType = sourcecode.c.objc; path = "UIButton+CZAddition.m"; sourceTree = "<group>"; };
		2345A43B249739A800821DF9 /* UIView+CZAddition.h */ = {isa = PBXFileReference; fileEncoding = 4; lastKnownFileType = sourcecode.c.h; path = "UIView+CZAddition.h"; sourceTree = "<group>"; };
		2345A43C249739A800821DF9 /* UIColor+CZAddition.h */ = {isa = PBXFileReference; fileEncoding = 4; lastKnownFileType = sourcecode.c.h; path = "UIColor+CZAddition.h"; sourceTree = "<group>"; };
		2345A43D249739A800821DF9 /* NSObject+CZRuntime.m */ = {isa = PBXFileReference; fileEncoding = 4; lastKnownFileType = sourcecode.c.objc; path = "NSObject+CZRuntime.m"; sourceTree = "<group>"; };
		2345A43E249739A800821DF9 /* UILabel+CZAddition.h */ = {isa = PBXFileReference; fileEncoding = 4; lastKnownFileType = sourcecode.c.h; path = "UILabel+CZAddition.h"; sourceTree = "<group>"; };
		2345A43F249739A800821DF9 /* UIScreen+CZAddition.h */ = {isa = PBXFileReference; fileEncoding = 4; lastKnownFileType = sourcecode.c.h; path = "UIScreen+CZAddition.h"; sourceTree = "<group>"; };
		2345A440249739A800821DF9 /* UIViewController+CZAddition.m */ = {isa = PBXFileReference; fileEncoding = 4; lastKnownFileType = sourcecode.c.objc; path = "UIViewController+CZAddition.m"; sourceTree = "<group>"; };
		2345A441249739A800821DF9 /* NSString+CZHash.m */ = {isa = PBXFileReference; fileEncoding = 4; lastKnownFileType = sourcecode.c.objc; path = "NSString+CZHash.m"; sourceTree = "<group>"; };
		2345A442249739A800821DF9 /* NSString+CZBase64.h */ = {isa = PBXFileReference; fileEncoding = 4; lastKnownFileType = sourcecode.c.h; path = "NSString+CZBase64.h"; sourceTree = "<group>"; };
		2345A443249739A800821DF9 /* CZAdditions.h */ = {isa = PBXFileReference; fileEncoding = 4; lastKnownFileType = sourcecode.c.h; path = CZAdditions.h; sourceTree = "<group>"; };
		2345A444249739A800821DF9 /* NSAttributedString+CZAdditon.m */ = {isa = PBXFileReference; fileEncoding = 4; lastKnownFileType = sourcecode.c.objc; path = "NSAttributedString+CZAdditon.m"; sourceTree = "<group>"; };
		2345A445249739A800821DF9 /* NSArray+Log.m */ = {isa = PBXFileReference; fileEncoding = 4; lastKnownFileType = sourcecode.c.objc; path = "NSArray+Log.m"; sourceTree = "<group>"; };
		2345A446249739A800821DF9 /* NSString+CZPath.h */ = {isa = PBXFileReference; fileEncoding = 4; lastKnownFileType = sourcecode.c.h; path = "NSString+CZPath.h"; sourceTree = "<group>"; };
		2345A4542497F4ED00821DF9 /* Bundle+Extensions.swift */ = {isa = PBXFileReference; lastKnownFileType = sourcecode.swift; path = "Bundle+Extensions.swift"; sourceTree = "<group>"; };
		2345A4562498322B00821DF9 /* UIBarButtonItem+Extensions.swift */ = {isa = PBXFileReference; lastKnownFileType = sourcecode.swift; path = "UIBarButtonItem+Extensions.swift"; sourceTree = "<group>"; };
		2345A45824983A1100821DF9 /* UIViewController+Extensions.swift */ = {isa = PBXFileReference; lastKnownFileType = sourcecode.swift; path = "UIViewController+Extensions.swift"; sourceTree = "<group>"; };
		23CD605424996E280018030B /* VisitorView.swift */ = {isa = PBXFileReference; lastKnownFileType = sourcecode.swift; path = VisitorView.swift; sourceTree = "<group>"; };
		23CD60562499CC2D0018030B /* main.json */ = {isa = PBXFileReference; fileEncoding = 4; lastKnownFileType = text.json; path = main.json; sourceTree = "<group>"; };
/* End PBXFileReference section */

/* Begin PBXFrameworksBuildPhase section */
		2345A3F42496E60900821DF9 /* Frameworks */ = {
			isa = PBXFrameworksBuildPhase;
			buildActionMask = 2147483647;
			files = (
			);
			runOnlyForDeploymentPostprocessing = 0;
		};
/* End PBXFrameworksBuildPhase section */

/* Begin PBXGroup section */
		2345A3EE2496E60900821DF9 = {
			isa = PBXGroup;
			children = (
				2345A3F92496E60900821DF9 /* Weibo */,
				2345A3F82496E60900821DF9 /* Products */,
			);
			sourceTree = "<group>";
		};
		2345A3F82496E60900821DF9 /* Products */ = {
			isa = PBXGroup;
			children = (
				2345A3F72496E60900821DF9 /* Weibo.app */,
			);
			name = Products;
			sourceTree = "<group>";
		};
		2345A3F92496E60900821DF9 /* Weibo */ = {
			isa = PBXGroup;
			children = (
				2345A4142496F58800821DF9 /* Classes */,
				2345A3FA2496E60900821DF9 /* AppDelegate.swift */,
				2345A3FC2496E60900821DF9 /* SceneDelegate.swift */,
				2345A42C249738CC00821DF9 /* Weibo-Bridge.h */,
				2345A4102496EF3200821DF9 /* Main.storyboard */,
				2345A4032496E60B00821DF9 /* Assets.xcassets */,
				2345A4052496E60B00821DF9 /* LaunchScreen.storyboard */,
				2345A4082496E60B00821DF9 /* Info.plist */,
			);
			path = Weibo;
			sourceTree = "<group>";
		};
		2345A4142496F58800821DF9 /* Classes */ = {
			isa = PBXGroup;
			children = (
				2345A4182496F58800821DF9 /* View */,
				2345A4152496F58800821DF9 /* ViewModel */,
				2345A4172496F58800821DF9 /* Model */,
				2345A4162496F58800821DF9 /* Tools */,
			);
			path = Classes;
			sourceTree = "<group>";
		};
		2345A4152496F58800821DF9 /* ViewModel */ = {
			isa = PBXGroup;
			children = (
			);
			path = ViewModel;
			sourceTree = "<group>";
		};
		2345A4162496F58800821DF9 /* Tools */ = {
			isa = PBXGroup;
			children = (
				2345A4532497F4BA00821DF9 /* Extensions */,
				2345A42D249739A800821DF9 /* Additions */,
			);
			path = Tools;
			sourceTree = "<group>";
		};
		2345A4172496F58800821DF9 /* Model */ = {
			isa = PBXGroup;
			children = (
			);
			path = Model;
			sourceTree = "<group>";
		};
		2345A4182496F58800821DF9 /* View */ = {
			isa = PBXGroup;
			children = (
				2345A41D2496F58800821DF9 /* Main */,
				2345A4192496F58800821DF9 /* Home */,
				2345A41A2496F58800821DF9 /* Discover */,
				2345A41B2496F58800821DF9 /* Message */,
				2345A41C2496F58800821DF9 /* Profile */,
			);
			path = View;
			sourceTree = "<group>";
		};
		2345A4192496F58800821DF9 /* Home */ = {
			isa = PBXGroup;
			children = (
				2345A42A2496F6CD00821DF9 /* HomeViewController.swift */,
			);
			path = Home;
			sourceTree = "<group>";
		};
		2345A41A2496F58800821DF9 /* Discover */ = {
			isa = PBXGroup;
			children = (
				2345A4282496F6C700821DF9 /* DiscoverViewController.swift */,
			);
			path = Discover;
			sourceTree = "<group>";
		};
		2345A41B2496F58800821DF9 /* Message */ = {
			isa = PBXGroup;
			children = (
				2345A4262496F6B800821DF9 /* MessageViewController.swift */,
			);
			path = Message;
			sourceTree = "<group>";
		};
		2345A41C2496F58800821DF9 /* Profile */ = {
			isa = PBXGroup;
			children = (
				2345A4242496F6AD00821DF9 /* ProfileViewController.swift */,
			);
			path = Profile;
			sourceTree = "<group>";
		};
		2345A41D2496F58800821DF9 /* Main */ = {
			isa = PBXGroup;
			children = (
				2345A45A24987D6D00821DF9 /* MainControllers */,
				2345A4222496F64C00821DF9 /* BaseViewController.swift */,
				23CD605324996E0B0018030B /* VisitorView */,
			);
			path = Main;
			sourceTree = "<group>";
		};
		2345A42D249739A800821DF9 /* Additions */ = {
			isa = PBXGroup;
			children = (
				2345A42E249739A800821DF9 /* UIColor+CZAddition.m */,
				2345A42F249739A800821DF9 /* UIView+CZAddition.m */,
				2345A430249739A800821DF9 /* UIButton+CZAddition.h */,
				2345A431249739A800821DF9 /* NSString+CZHash.h */,
				2345A432249739A800821DF9 /* UIScreen+CZAddition.m */,
				2345A433249739A800821DF9 /* UIViewController+CZAddition.h */,
				2345A434249739A800821DF9 /* UILabel+CZAddition.m */,
				2345A435249739A800821DF9 /* NSObject+CZRuntime.h */,
				2345A436249739A800821DF9 /* NSString+CZBase64.m */,
				2345A437249739A800821DF9 /* NSString+CZPath.m */,
				2345A438249739A800821DF9 /* NSArray+Log.h */,
				2345A439249739A800821DF9 /* NSAttributedString+CZAdditon.h */,
				2345A43A249739A800821DF9 /* UIButton+CZAddition.m */,
				2345A43B249739A800821DF9 /* UIView+CZAddition.h */,
				2345A43C249739A800821DF9 /* UIColor+CZAddition.h */,
				2345A43D249739A800821DF9 /* NSObject+CZRuntime.m */,
				2345A43E249739A800821DF9 /* UILabel+CZAddition.h */,
				2345A43F249739A800821DF9 /* UIScreen+CZAddition.h */,
				2345A440249739A800821DF9 /* UIViewController+CZAddition.m */,
				2345A441249739A800821DF9 /* NSString+CZHash.m */,
				2345A442249739A800821DF9 /* NSString+CZBase64.h */,
				2345A443249739A800821DF9 /* CZAdditions.h */,
				2345A444249739A800821DF9 /* NSAttributedString+CZAdditon.m */,
				2345A445249739A800821DF9 /* NSArray+Log.m */,
				2345A446249739A800821DF9 /* NSString+CZPath.h */,
			);
			path = Additions;
			sourceTree = "<group>";
		};
		2345A4532497F4BA00821DF9 /* Extensions */ = {
			isa = PBXGroup;
			children = (
				2345A4542497F4ED00821DF9 /* Bundle+Extensions.swift */,
				2345A4562498322B00821DF9 /* UIBarButtonItem+Extensions.swift */,
				2345A45824983A1100821DF9 /* UIViewController+Extensions.swift */,
			);
			path = Extensions;
			sourceTree = "<group>";
		};
		2345A45A24987D6D00821DF9 /* MainControllers */ = {
			isa = PBXGroup;
			children = (
				23CD60562499CC2D0018030B /* main.json */,
				2345A41E2496F5E200821DF9 /* MainTabBarController.swift */,
				2345A4202496F61700821DF9 /* MainNavigationController.swift */,
			);
			path = MainControllers;
			sourceTree = "<group>";
		};
		23CD605324996E0B0018030B /* VisitorView */ = {
			isa = PBXGroup;
			children = (
				23CD605424996E280018030B /* VisitorView.swift */,
			);
			path = VisitorView;
			sourceTree = "<group>";
		};
/* End PBXGroup section */

/* Begin PBXNativeTarget section */
		2345A3F62496E60900821DF9 /* Weibo */ = {
			isa = PBXNativeTarget;
			buildConfigurationList = 2345A40B2496E60B00821DF9 /* Build configuration list for PBXNativeTarget "Weibo" */;
			buildPhases = (
				2345A3F32496E60900821DF9 /* Sources */,
				2345A3F42496E60900821DF9 /* Frameworks */,
				2345A3F52496E60900821DF9 /* Resources */,
			);
			buildRules = (
			);
			dependencies = (
			);
			name = Weibo;
			productName = Weibo;
			productReference = 2345A3F72496E60900821DF9 /* Weibo.app */;
			productType = "com.apple.product-type.application";
		};
/* End PBXNativeTarget section */

/* Begin PBXProject section */
		2345A3EF2496E60900821DF9 /* Project object */ = {
			isa = PBXProject;
			attributes = {
				LastSwiftUpdateCheck = 1130;
				LastUpgradeCheck = 1130;
				ORGANIZATIONNAME = "Xiaoping Weng";
				TargetAttributes = {
					2345A3F62496E60900821DF9 = {
						CreatedOnToolsVersion = 11.3;
					};
				};
			};
			buildConfigurationList = 2345A3F22496E60900821DF9 /* Build configuration list for PBXProject "Weibo" */;
			compatibilityVersion = "Xcode 9.3";
			developmentRegion = en;
			hasScannedForEncodings = 0;
			knownRegions = (
				en,
				Base,
			);
			mainGroup = 2345A3EE2496E60900821DF9;
			productRefGroup = 2345A3F82496E60900821DF9 /* Products */;
			projectDirPath = "";
			projectRoot = "";
			targets = (
				2345A3F62496E60900821DF9 /* Weibo */,
			);
		};
/* End PBXProject section */

/* Begin PBXResourcesBuildPhase section */
		2345A3F52496E60900821DF9 /* Resources */ = {
			isa = PBXResourcesBuildPhase;
			buildActionMask = 2147483647;
			files = (
				2345A4112496EF3200821DF9 /* Main.storyboard in Resources */,
				2345A4072496E60B00821DF9 /* LaunchScreen.storyboard in Resources */,
				23CD60572499CC2D0018030B /* main.json in Resources */,
				2345A4042496E60B00821DF9 /* Assets.xcassets in Resources */,
			);
			runOnlyForDeploymentPostprocessing = 0;
		};
/* End PBXResourcesBuildPhase section */

/* Begin PBXSourcesBuildPhase section */
		2345A3F32496E60900821DF9 /* Sources */ = {
			isa = PBXSourcesBuildPhase;
			buildActionMask = 2147483647;
			files = (
				2345A448249739A800821DF9 /* UIView+CZAddition.m in Sources */,
				2345A4572498322B00821DF9 /* UIBarButtonItem+Extensions.swift in Sources */,
				2345A44C249739A800821DF9 /* NSString+CZPath.m in Sources */,
				2345A447249739A800821DF9 /* UIColor+CZAddition.m in Sources */,
				2345A45924983A1100821DF9 /* UIViewController+Extensions.swift in Sources */,
				2345A4292496F6C700821DF9 /* DiscoverViewController.swift in Sources */,
				2345A44B249739A800821DF9 /* NSString+CZBase64.m in Sources */,
				2345A4212496F61700821DF9 /* MainNavigationController.swift in Sources */,
				2345A44A249739A800821DF9 /* UILabel+CZAddition.m in Sources */,
				2345A44E249739A800821DF9 /* NSObject+CZRuntime.m in Sources */,
				2345A4272496F6B800821DF9 /* MessageViewController.swift in Sources */,
				2345A44F249739A800821DF9 /* UIViewController+CZAddition.m in Sources */,
				2345A3FB2496E60900821DF9 /* AppDelegate.swift in Sources */,
				2345A42B2496F6CD00821DF9 /* HomeViewController.swift in Sources */,
				2345A451249739A800821DF9 /* NSAttributedString+CZAdditon.m in Sources */,
				2345A4552497F4ED00821DF9 /* Bundle+Extensions.swift in Sources */,
				2345A3FD2496E60900821DF9 /* SceneDelegate.swift in Sources */,
				23CD605524996E280018030B /* VisitorView.swift in Sources */,
				2345A4252496F6AD00821DF9 /* ProfileViewController.swift in Sources */,
				2345A452249739A800821DF9 /* NSArray+Log.m in Sources */,
				2345A41F2496F5E200821DF9 /* MainTabBarController.swift in Sources */,
				2345A450249739A800821DF9 /* NSString+CZHash.m in Sources */,
				2345A449249739A800821DF9 /* UIScreen+CZAddition.m in Sources */,
				2345A44D249739A800821DF9 /* UIButton+CZAddition.m in Sources */,
				2345A4232496F64C00821DF9 /* BaseViewController.swift in Sources */,
			);
			runOnlyForDeploymentPostprocessing = 0;
		};
/* End PBXSourcesBuildPhase section */

/* Begin PBXVariantGroup section */
		2345A4052496E60B00821DF9 /* LaunchScreen.storyboard */ = {
			isa = PBXVariantGroup;
			children = (
				2345A4062496E60B00821DF9 /* Base */,
			);
			name = LaunchScreen.storyboard;
			sourceTree = "<group>";
		};
/* End PBXVariantGroup section */

/* Begin XCBuildConfiguration section */
		2345A4092496E60B00821DF9 /* Debug */ = {
			isa = XCBuildConfiguration;
			buildSettings = {
				ALWAYS_SEARCH_USER_PATHS = NO;
				CLANG_ANALYZER_NONNULL = YES;
				CLANG_ANALYZER_NUMBER_OBJECT_CONVERSION = YES_AGGRESSIVE;
				CLANG_CXX_LANGUAGE_STANDARD = "gnu++14";
				CLANG_CXX_LIBRARY = "libc++";
				CLANG_ENABLE_MODULES = YES;
				CLANG_ENABLE_OBJC_ARC = YES;
				CLANG_ENABLE_OBJC_WEAK = YES;
				CLANG_WARN_BLOCK_CAPTURE_AUTORELEASING = YES;
				CLANG_WARN_BOOL_CONVERSION = YES;
				CLANG_WARN_COMMA = YES;
				CLANG_WARN_CONSTANT_CONVERSION = YES;
				CLANG_WARN_DEPRECATED_OBJC_IMPLEMENTATIONS = YES;
				CLANG_WARN_DIRECT_OBJC_ISA_USAGE = YES_ERROR;
				CLANG_WARN_DOCUMENTATION_COMMENTS = YES;
				CLANG_WARN_EMPTY_BODY = YES;
				CLANG_WARN_ENUM_CONVERSION = YES;
				CLANG_WARN_INFINITE_RECURSION = YES;
				CLANG_WARN_INT_CONVERSION = YES;
				CLANG_WARN_NON_LITERAL_NULL_CONVERSION = YES;
				CLANG_WARN_OBJC_IMPLICIT_RETAIN_SELF = YES;
				CLANG_WARN_OBJC_LITERAL_CONVERSION = YES;
				CLANG_WARN_OBJC_ROOT_CLASS = YES_ERROR;
				CLANG_WARN_RANGE_LOOP_ANALYSIS = YES;
				CLANG_WARN_STRICT_PROTOTYPES = YES;
				CLANG_WARN_SUSPICIOUS_MOVE = YES;
				CLANG_WARN_UNGUARDED_AVAILABILITY = YES_AGGRESSIVE;
				CLANG_WARN_UNREACHABLE_CODE = YES;
				CLANG_WARN__DUPLICATE_METHOD_MATCH = YES;
				COPY_PHASE_STRIP = NO;
				DEBUG_INFORMATION_FORMAT = dwarf;
				ENABLE_STRICT_OBJC_MSGSEND = YES;
				ENABLE_TESTABILITY = YES;
				GCC_C_LANGUAGE_STANDARD = gnu11;
				GCC_DYNAMIC_NO_PIC = NO;
				GCC_NO_COMMON_BLOCKS = YES;
				GCC_OPTIMIZATION_LEVEL = 0;
				GCC_PREPROCESSOR_DEFINITIONS = (
					"DEBUG=1",
					"$(inherited)",
				);
				GCC_WARN_64_TO_32_BIT_CONVERSION = YES;
				GCC_WARN_ABOUT_RETURN_TYPE = YES_ERROR;
				GCC_WARN_UNDECLARED_SELECTOR = YES;
				GCC_WARN_UNINITIALIZED_AUTOS = YES_AGGRESSIVE;
				GCC_WARN_UNUSED_FUNCTION = YES;
				GCC_WARN_UNUSED_VARIABLE = YES;
				IPHONEOS_DEPLOYMENT_TARGET = 13.2;
				MTL_ENABLE_DEBUG_INFO = INCLUDE_SOURCE;
				MTL_FAST_MATH = YES;
				ONLY_ACTIVE_ARCH = YES;
				SDKROOT = iphoneos;
				SWIFT_ACTIVE_COMPILATION_CONDITIONS = DEBUG;
				SWIFT_OPTIMIZATION_LEVEL = "-Onone";
			};
			name = Debug;
		};
		2345A40A2496E60B00821DF9 /* Release */ = {
			isa = XCBuildConfiguration;
			buildSettings = {
				ALWAYS_SEARCH_USER_PATHS = NO;
				CLANG_ANALYZER_NONNULL = YES;
				CLANG_ANALYZER_NUMBER_OBJECT_CONVERSION = YES_AGGRESSIVE;
				CLANG_CXX_LANGUAGE_STANDARD = "gnu++14";
				CLANG_CXX_LIBRARY = "libc++";
				CLANG_ENABLE_MODULES = YES;
				CLANG_ENABLE_OBJC_ARC = YES;
				CLANG_ENABLE_OBJC_WEAK = YES;
				CLANG_WARN_BLOCK_CAPTURE_AUTORELEASING = YES;
				CLANG_WARN_BOOL_CONVERSION = YES;
				CLANG_WARN_COMMA = YES;
				CLANG_WARN_CONSTANT_CONVERSION = YES;
				CLANG_WARN_DEPRECATED_OBJC_IMPLEMENTATIONS = YES;
				CLANG_WARN_DIRECT_OBJC_ISA_USAGE = YES_ERROR;
				CLANG_WARN_DOCUMENTATION_COMMENTS = YES;
				CLANG_WARN_EMPTY_BODY = YES;
				CLANG_WARN_ENUM_CONVERSION = YES;
				CLANG_WARN_INFINITE_RECURSION = YES;
				CLANG_WARN_INT_CONVERSION = YES;
				CLANG_WARN_NON_LITERAL_NULL_CONVERSION = YES;
				CLANG_WARN_OBJC_IMPLICIT_RETAIN_SELF = YES;
				CLANG_WARN_OBJC_LITERAL_CONVERSION = YES;
				CLANG_WARN_OBJC_ROOT_CLASS = YES_ERROR;
				CLANG_WARN_RANGE_LOOP_ANALYSIS = YES;
				CLANG_WARN_STRICT_PROTOTYPES = YES;
				CLANG_WARN_SUSPICIOUS_MOVE = YES;
				CLANG_WARN_UNGUARDED_AVAILABILITY = YES_AGGRESSIVE;
				CLANG_WARN_UNREACHABLE_CODE = YES;
				CLANG_WARN__DUPLICATE_METHOD_MATCH = YES;
				COPY_PHASE_STRIP = NO;
				DEBUG_INFORMATION_FORMAT = "dwarf-with-dsym";
				ENABLE_NS_ASSERTIONS = NO;
				ENABLE_STRICT_OBJC_MSGSEND = YES;
				GCC_C_LANGUAGE_STANDARD = gnu11;
				GCC_NO_COMMON_BLOCKS = YES;
				GCC_WARN_64_TO_32_BIT_CONVERSION = YES;
				GCC_WARN_ABOUT_RETURN_TYPE = YES_ERROR;
				GCC_WARN_UNDECLARED_SELECTOR = YES;
				GCC_WARN_UNINITIALIZED_AUTOS = YES_AGGRESSIVE;
				GCC_WARN_UNUSED_FUNCTION = YES;
				GCC_WARN_UNUSED_VARIABLE = YES;
				IPHONEOS_DEPLOYMENT_TARGET = 13.2;
				MTL_ENABLE_DEBUG_INFO = NO;
				MTL_FAST_MATH = YES;
				SDKROOT = iphoneos;
				SWIFT_COMPILATION_MODE = wholemodule;
				SWIFT_OPTIMIZATION_LEVEL = "-O";
				VALIDATE_PRODUCT = YES;
			};
			name = Release;
		};
		2345A40C2496E60B00821DF9 /* Debug */ = {
			isa = XCBuildConfiguration;
			buildSettings = {
				ASSETCATALOG_COMPILER_APPICON_NAME = AppIcon;
				ASSETCATALOG_COMPILER_LAUNCHIMAGE_NAME = LaunchImage;
				CODE_SIGN_STYLE = Automatic;
				INFOPLIST_FILE = Weibo/Info.plist;
				LD_RUNPATH_SEARCH_PATHS = (
					"$(inherited)",
					"@executable_path/Frameworks",
				);
				PRODUCT_BUNDLE_IDENTIFIER = xiaoping.Weibo;
				PRODUCT_NAME = "$(TARGET_NAME)";
				SWIFT_OBJC_BRIDGING_HEADER = "Weibo/Weibo-Bridge.h";
				SWIFT_VERSION = 5.0;
				TARGETED_DEVICE_FAMILY = "1,2";
			};
			name = Debug;
		};
		2345A40D2496E60B00821DF9 /* Release */ = {
			isa = XCBuildConfiguration;
			buildSettings = {
				ASSETCATALOG_COMPILER_APPICON_NAME = AppIcon;
				ASSETCATALOG_COMPILER_LAUNCHIMAGE_NAME = LaunchImage;
				CODE_SIGN_STYLE = Automatic;
				INFOPLIST_FILE = Weibo/Info.plist;
				LD_RUNPATH_SEARCH_PATHS = (
					"$(inherited)",
					"@executable_path/Frameworks",
				);
				PRODUCT_BUNDLE_IDENTIFIER = xiaoping.Weibo;
				PRODUCT_NAME = "$(TARGET_NAME)";
				SWIFT_OBJC_BRIDGING_HEADER = "Weibo/Weibo-Bridge.h";
				SWIFT_VERSION = 5.0;
				TARGETED_DEVICE_FAMILY = "1,2";
			};
			name = Release;
		};
/* End XCBuildConfiguration section */

/* Begin XCConfigurationList section */
		2345A3F22496E60900821DF9 /* Build configuration list for PBXProject "Weibo" */ = {
			isa = XCConfigurationList;
			buildConfigurations = (
				2345A4092496E60B00821DF9 /* Debug */,
				2345A40A2496E60B00821DF9 /* Release */,
			);
			defaultConfigurationIsVisible = 0;
			defaultConfigurationName = Release;
		};
		2345A40B2496E60B00821DF9 /* Build configuration list for PBXNativeTarget "Weibo" */ = {
			isa = XCConfigurationList;
			buildConfigurations = (
				2345A40C2496E60B00821DF9 /* Debug */,
				2345A40D2496E60B00821DF9 /* Release */,
			);
			defaultConfigurationIsVisible = 0;
			defaultConfigurationName = Release;
		};
/* End XCConfigurationList section */
	};
	rootObject = 2345A3EF2496E60900821DF9 /* Project object */;
}
